
Microsoft Visual Studio Solution File, Format Version 12.00
# Visual Studio Version 17
VisualStudioVersion = 17.9.34723.18
MinimumVisualStudioVersion = 10.0.40219.1
Project("{8BC9CEB8-8B4A-11D0-8D11-00A0C91BC942}") = "OpenSiv3D_Cannon", "OpenSiv3D_Cannon\OpenSiv3D_Cannon.vcxproj", "{A0DFE494-E496-41AF-BD1E-8AF4C7CF0910}"
EndProject
Global
	GlobalSection(SolutionConfigurationPlatforms) = preSolution
		Debug|x64 = Debug|x64
		Release|x64 = Release|x64
	EndGlobalSection
	GlobalSection(ProjectConfigurationPlatforms) = postSolution
		{A0DFE494-E496-41AF-BD1E-8AF4C7CF0910}.Debug|x64.ActiveCfg = Debug|x64
		{A0DFE494-E496-41AF-BD1E-8AF4C7CF0910}.Debug|x64.Build.0 = Debug|x64
		{A0DFE494-E496-41AF-BD1E-8AF4C7CF0910}.Release|x64.ActiveCfg = Release|x64
		{A0DFE494-E496-41AF-BD1E-8AF4C7CF0910}.Release|x64.Build.0 = Release|x64
	EndGlobalSection
	GlobalSection(SolutionProperties) = preSolution
		HideSolutionNode = FALSE
	EndGlobalSection
	GlobalSection(ExtensibilityGlobals) = postSolution
		SolutionGuid = {5F7AF0A0-5A0D-4CF7-ABB2-11FC2393CCD9}
	EndGlobalSection
EndGlobal
